
Microsoft Visual Studio Solution File, Format Version 12.00
# Visual Studio Version 17
VisualStudioVersion = 17.5.002.0
MinimumVisualStudioVersion = 10.0.40219.1
Project("{9A19103F-16F7-4668-BE54-9A1E7A4F7556}") = "Template", "Template\Template.csproj", "{67EE637A-F7A9-4821-A534-1FAFC0B9A423}"
EndProject
Project("{2150E333-8FDC-42A3-9474-1A3956D46DE8}") = "2022", "2022", "{CDC703F2-C01A-4104-915C-703AAB8D1DEF}"
EndProject
Project("{9A19103F-16F7-4668-BE54-9A1E7A4F7556}") = "Advent1", "2022\Advent1\Advent1.csproj", "{E3F461CD-6A93-416C-A92C-C688179B6D93}"
EndProject
Project("{9A19103F-16F7-4668-BE54-9A1E7A4F7556}") = "Advent10", "2022\Advent10\Advent10.csproj", "{654389FC-CBD0-4244-A189-C2DC706F1EA7}"
EndProject
Project("{9A19103F-16F7-4668-BE54-9A1E7A4F7556}") = "Advent11", "2022\Advent11\Advent11.csproj", "{3A6793EE-4418-4A75-9887-72824E4F5BAD}"
EndProject
Project("{9A19103F-16F7-4668-BE54-9A1E7A4F7556}") = "Advent12", "2022\Advent12\Advent12.csproj", "{75EE1C7C-CAF6-4E68-8FBB-4A0D31004F8F}"
EndProject
Project("{9A19103F-16F7-4668-BE54-9A1E7A4F7556}") = "Advent13", "2022\Advent13\Advent13.csproj", "{3BE68CB1-EEEE-48EA-8EE9-8357FBE880E6}"
EndProject
Project("{9A19103F-16F7-4668-BE54-9A1E7A4F7556}") = "Advent14", "2022\Advent14\Advent14.csproj", "{99819FBE-10F4-4F74-8BBF-B74343175872}"
EndProject
Project("{9A19103F-16F7-4668-BE54-9A1E7A4F7556}") = "Advent15", "2022\Advent15\Advent15.csproj", "{5F7E88A1-F875-4CCF-80E6-C5143202C936}"
EndProject
Project("{9A19103F-16F7-4668-BE54-9A1E7A4F7556}") = "Advent16", "2022\Advent16\Advent16.csproj", "{BC72EE98-23AD-4E78-9C19-4B2BD7688C40}"
EndProject
Project("{9A19103F-16F7-4668-BE54-9A1E7A4F7556}") = "Advent17", "2022\Advent17\Advent17.csproj", "{DBEC4627-2062-4C75-823A-D022C875DEA1}"
EndProject
Project("{9A19103F-16F7-4668-BE54-9A1E7A4F7556}") = "Advent2", "2022\Advent2\Advent2.csproj", "{5A98A4E9-C61A-4293-B834-5BF3D55AB779}"
EndProject
Project("{9A19103F-16F7-4668-BE54-9A1E7A4F7556}") = "Advent2a", "2022\Advent2a\Advent2a.csproj", "{8FFB9987-FCB2-4CB5-A056-8C24BE23DC1D}"
EndProject
Project("{9A19103F-16F7-4668-BE54-9A1E7A4F7556}") = "Advent3", "2022\Advent3\Advent3.csproj", "{206671D8-D5FD-4625-B2B7-D0795AB5E4C8}"
EndProject
Project("{9A19103F-16F7-4668-BE54-9A1E7A4F7556}") = "Advent4", "2022\Advent4\Advent4.csproj", "{257AB202-11B4-48B7-92F4-2D1815744A79}"
EndProject
Project("{9A19103F-16F7-4668-BE54-9A1E7A4F7556}") = "Advent5", "2022\Advent5\Advent5.csproj", "{96822FBF-2B8D-4F7D-9F65-347BBB0365BE}"
EndProject
Project("{9A19103F-16F7-4668-BE54-9A1E7A4F7556}") = "Advent6", "2022\Advent6\Advent6.csproj", "{96E253F9-E2DA-44BB-B501-37AE2C6D2E21}"
EndProject
Project("{9A19103F-16F7-4668-BE54-9A1E7A4F7556}") = "Advent7", "2022\Advent7\Advent7.csproj", "{D89CB11A-0713-423A-8C5D-24488C693A65}"
EndProject
Project("{9A19103F-16F7-4668-BE54-9A1E7A4F7556}") = "Advent8", "2022\Advent8\Advent8.csproj", "{E75D76CB-A7FC-4498-8BB3-EB9E27FFF5FD}"
EndProject
Project("{9A19103F-16F7-4668-BE54-9A1E7A4F7556}") = "Advent9", "2022\Advent9\Advent9.csproj", "{5A469FEC-D35F-46E8-ABD2-5474EB50D20F}"
EndProject
Project("{2150E333-8FDC-42A3-9474-1A3956D46DE8}") = "2023", "2023", "{5EF89B37-CE5E-47D9-AEEA-CD173C6F17CD}"
EndProject
Project("{9A19103F-16F7-4668-BE54-9A1E7A4F7556}") = "Day1", "2023\Day1\Day1.csproj", "{D70D81EC-569F-4741-BD24-2B4F4DB60FC3}"
EndProject
Global
	GlobalSection(SolutionConfigurationPlatforms) = preSolution
		Debug|Any CPU = Debug|Any CPU
		Release|Any CPU = Release|Any CPU
	EndGlobalSection
	GlobalSection(ProjectConfigurationPlatforms) = postSolution
		{67EE637A-F7A9-4821-A534-1FAFC0B9A423}.Debug|Any CPU.ActiveCfg = Debug|Any CPU
		{67EE637A-F7A9-4821-A534-1FAFC0B9A423}.Debug|Any CPU.Build.0 = Debug|Any CPU
		{67EE637A-F7A9-4821-A534-1FAFC0B9A423}.Release|Any CPU.ActiveCfg = Release|Any CPU
		{67EE637A-F7A9-4821-A534-1FAFC0B9A423}.Release|Any CPU.Build.0 = Release|Any CPU
		{E3F461CD-6A93-416C-A92C-C688179B6D93}.Debug|Any CPU.ActiveCfg = Debug|Any CPU
		{E3F461CD-6A93-416C-A92C-C688179B6D93}.Debug|Any CPU.Build.0 = Debug|Any CPU
		{E3F461CD-6A93-416C-A92C-C688179B6D93}.Release|Any CPU.ActiveCfg = Release|Any CPU
		{E3F461CD-6A93-416C-A92C-C688179B6D93}.Release|Any CPU.Build.0 = Release|Any CPU
		{654389FC-CBD0-4244-A189-C2DC706F1EA7}.Debug|Any CPU.ActiveCfg = Debug|Any CPU
		{654389FC-CBD0-4244-A189-C2DC706F1EA7}.Debug|Any CPU.Build.0 = Debug|Any CPU
		{654389FC-CBD0-4244-A189-C2DC706F1EA7}.Release|Any CPU.ActiveCfg = Release|Any CPU
		{654389FC-CBD0-4244-A189-C2DC706F1EA7}.Release|Any CPU.Build.0 = Release|Any CPU
		{3A6793EE-4418-4A75-9887-72824E4F5BAD}.Debug|Any CPU.ActiveCfg = Debug|Any CPU
		{3A6793EE-4418-4A75-9887-72824E4F5BAD}.Debug|Any CPU.Build.0 = Debug|Any CPU
		{3A6793EE-4418-4A75-9887-72824E4F5BAD}.Release|Any CPU.ActiveCfg = Release|Any CPU
		{3A6793EE-4418-4A75-9887-72824E4F5BAD}.Release|Any CPU.Build.0 = Release|Any CPU
		{75EE1C7C-CAF6-4E68-8FBB-4A0D31004F8F}.Debug|Any CPU.ActiveCfg = Debug|Any CPU
		{75EE1C7C-CAF6-4E68-8FBB-4A0D31004F8F}.Debug|Any CPU.Build.0 = Debug|Any CPU
		{75EE1C7C-CAF6-4E68-8FBB-4A0D31004F8F}.Release|Any CPU.ActiveCfg = Release|Any CPU
		{75EE1C7C-CAF6-4E68-8FBB-4A0D31004F8F}.Release|Any CPU.Build.0 = Release|Any CPU
		{3BE68CB1-EEEE-48EA-8EE9-8357FBE880E6}.Debug|Any CPU.ActiveCfg = Debug|Any CPU
		{3BE68CB1-EEEE-48EA-8EE9-8357FBE880E6}.Debug|Any CPU.Build.0 = Debug|Any CPU
		{3BE68CB1-EEEE-48EA-8EE9-8357FBE880E6}.Release|Any CPU.ActiveCfg = Release|Any CPU
		{3BE68CB1-EEEE-48EA-8EE9-8357FBE880E6}.Release|Any CPU.Build.0 = Release|Any CPU
		{99819FBE-10F4-4F74-8BBF-B74343175872}.Debug|Any CPU.ActiveCfg = Debug|Any CPU
		{99819FBE-10F4-4F74-8BBF-B74343175872}.Debug|Any CPU.Build.0 = Debug|Any CPU
		{99819FBE-10F4-4F74-8BBF-B74343175872}.Release|Any CPU.ActiveCfg = Release|Any CPU
		{99819FBE-10F4-4F74-8BBF-B74343175872}.Release|Any CPU.Build.0 = Release|Any CPU
		{5F7E88A1-F875-4CCF-80E6-C5143202C936}.Debug|Any CPU.ActiveCfg = Debug|Any CPU
		{5F7E88A1-F875-4CCF-80E6-C5143202C936}.Debug|Any CPU.Build.0 = Debug|Any CPU
		{5F7E88A1-F875-4CCF-80E6-C5143202C936}.Release|Any CPU.ActiveCfg = Release|Any CPU
		{5F7E88A1-F875-4CCF-80E6-C5143202C936}.Release|Any CPU.Build.0 = Release|Any CPU
		{BC72EE98-23AD-4E78-9C19-4B2BD7688C40}.Debug|Any CPU.ActiveCfg = Debug|Any CPU
		{BC72EE98-23AD-4E78-9C19-4B2BD7688C40}.Debug|Any CPU.Build.0 = Debug|Any CPU
		{BC72EE98-23AD-4E78-9C19-4B2BD7688C40}.Release|Any CPU.ActiveCfg = Release|Any CPU
		{BC72EE98-23AD-4E78-9C19-4B2BD7688C40}.Release|Any CPU.Build.0 = Release|Any CPU
		{DBEC4627-2062-4C75-823A-D022C875DEA1}.Debug|Any CPU.ActiveCfg = Debug|Any CPU
		{DBEC4627-2062-4C75-823A-D022C875DEA1}.Debug|Any CPU.Build.0 = Debug|Any CPU
		{DBEC4627-2062-4C75-823A-D022C875DEA1}.Release|Any CPU.ActiveCfg = Release|Any CPU
		{DBEC4627-2062-4C75-823A-D022C875DEA1}.Release|Any CPU.Build.0 = Release|Any CPU
		{5A98A4E9-C61A-4293-B834-5BF3D55AB779}.Debug|Any CPU.ActiveCfg = Debug|Any CPU
		{5A98A4E9-C61A-4293-B834-5BF3D55AB779}.Debug|Any CPU.Build.0 = Debug|Any CPU
		{5A98A4E9-C61A-4293-B834-5BF3D55AB779}.Release|Any CPU.ActiveCfg = Release|Any CPU
		{5A98A4E9-C61A-4293-B834-5BF3D55AB779}.Release|Any CPU.Build.0 = Release|Any CPU
		{8FFB9987-FCB2-4CB5-A056-8C24BE23DC1D}.Debug|Any CPU.ActiveCfg = Debug|Any CPU
		{8FFB9987-FCB2-4CB5-A056-8C24BE23DC1D}.Debug|Any CPU.Build.0 = Debug|Any CPU
		{8FFB9987-FCB2-4CB5-A056-8C24BE23DC1D}.Release|Any CPU.ActiveCfg = Release|Any CPU
		{8FFB9987-FCB2-4CB5-A056-8C24BE23DC1D}.Release|Any CPU.Build.0 = Release|Any CPU
		{206671D8-D5FD-4625-B2B7-D0795AB5E4C8}.Debug|Any CPU.ActiveCfg = Debug|Any CPU
		{206671D8-D5FD-4625-B2B7-D0795AB5E4C8}.Debug|Any CPU.Build.0 = Debug|Any CPU
		{206671D8-D5FD-4625-B2B7-D0795AB5E4C8}.Release|Any CPU.ActiveCfg = Release|Any CPU
		{206671D8-D5FD-4625-B2B7-D0795AB5E4C8}.Release|Any CPU.Build.0 = Release|Any CPU
		{257AB202-11B4-48B7-92F4-2D1815744A79}.Debug|Any CPU.ActiveCfg = Debug|Any CPU
		{257AB202-11B4-48B7-92F4-2D1815744A79}.Debug|Any CPU.Build.0 = Debug|Any CPU
		{257AB202-11B4-48B7-92F4-2D1815744A79}.Release|Any CPU.ActiveCfg = Release|Any CPU
		{257AB202-11B4-48B7-92F4-2D1815744A79}.Release|Any CPU.Build.0 = Release|Any CPU
		{96822FBF-2B8D-4F7D-9F65-347BBB0365BE}.Debug|Any CPU.ActiveCfg = Debug|Any CPU
		{96822FBF-2B8D-4F7D-9F65-347BBB0365BE}.Debug|Any CPU.Build.0 = Debug|Any CPU
		{96822FBF-2B8D-4F7D-9F65-347BBB0365BE}.Release|Any CPU.ActiveCfg = Release|Any CPU
		{96822FBF-2B8D-4F7D-9F65-347BBB0365BE}.Release|Any CPU.Build.0 = Release|Any CPU
		{96E253F9-E2DA-44BB-B501-37AE2C6D2E21}.Debug|Any CPU.ActiveCfg = Debug|Any CPU
		{96E253F9-E2DA-44BB-B501-37AE2C6D2E21}.Debug|Any CPU.Build.0 = Debug|Any CPU
		{96E253F9-E2DA-44BB-B501-37AE2C6D2E21}.Release|Any CPU.ActiveCfg = Release|Any CPU
		{96E253F9-E2DA-44BB-B501-37AE2C6D2E21}.Release|Any CPU.Build.0 = Release|Any CPU
		{D89CB11A-0713-423A-8C5D-24488C693A65}.Debug|Any CPU.ActiveCfg = Debug|Any CPU
		{D89CB11A-0713-423A-8C5D-24488C693A65}.Debug|Any CPU.Build.0 = Debug|Any CPU
		{D89CB11A-0713-423A-8C5D-24488C693A65}.Release|Any CPU.ActiveCfg = Release|Any CPU
		{D89CB11A-0713-423A-8C5D-24488C693A65}.Release|Any CPU.Build.0 = Release|Any CPU
		{E75D76CB-A7FC-4498-8BB3-EB9E27FFF5FD}.Debug|Any CPU.ActiveCfg = Debug|Any CPU
		{E75D76CB-A7FC-4498-8BB3-EB9E27FFF5FD}.Debug|Any CPU.Build.0 = Debug|Any CPU
		{E75D76CB-A7FC-4498-8BB3-EB9E27FFF5FD}.Release|Any CPU.ActiveCfg = Release|Any CPU
		{E75D76CB-A7FC-4498-8BB3-EB9E27FFF5FD}.Release|Any CPU.Build.0 = Release|Any CPU
		{5A469FEC-D35F-46E8-ABD2-5474EB50D20F}.Debug|Any CPU.ActiveCfg = Debug|Any CPU
		{5A469FEC-D35F-46E8-ABD2-5474EB50D20F}.Debug|Any CPU.Build.0 = Debug|Any CPU
		{5A469FEC-D35F-46E8-ABD2-5474EB50D20F}.Release|Any CPU.ActiveCfg = Release|Any CPU
		{5A469FEC-D35F-46E8-ABD2-5474EB50D20F}.Release|Any CPU.Build.0 = Release|Any CPU
		{D70D81EC-569F-4741-BD24-2B4F4DB60FC3}.Debug|Any CPU.ActiveCfg = Debug|Any CPU
		{D70D81EC-569F-4741-BD24-2B4F4DB60FC3}.Debug|Any CPU.Build.0 = Debug|Any CPU
		{D70D81EC-569F-4741-BD24-2B4F4DB60FC3}.Release|Any CPU.ActiveCfg = Release|Any CPU
		{D70D81EC-569F-4741-BD24-2B4F4DB60FC3}.Release|Any CPU.Build.0 = Release|Any CPU
	EndGlobalSection
	GlobalSection(SolutionProperties) = preSolution
		HideSolutionNode = FALSE
	EndGlobalSection
	GlobalSection(NestedProjects) = preSolution
		{E3F461CD-6A93-416C-A92C-C688179B6D93} = {CDC703F2-C01A-4104-915C-703AAB8D1DEF}
		{654389FC-CBD0-4244-A189-C2DC706F1EA7} = {CDC703F2-C01A-4104-915C-703AAB8D1DEF}
		{3A6793EE-4418-4A75-9887-72824E4F5BAD} = {CDC703F2-C01A-4104-915C-703AAB8D1DEF}
		{75EE1C7C-CAF6-4E68-8FBB-4A0D31004F8F} = {CDC703F2-C01A-4104-915C-703AAB8D1DEF}
		{3BE68CB1-EEEE-48EA-8EE9-8357FBE880E6} = {CDC703F2-C01A-4104-915C-703AAB8D1DEF}
		{99819FBE-10F4-4F74-8BBF-B74343175872} = {CDC703F2-C01A-4104-915C-703AAB8D1DEF}
		{5F7E88A1-F875-4CCF-80E6-C5143202C936} = {CDC703F2-C01A-4104-915C-703AAB8D1DEF}
		{BC72EE98-23AD-4E78-9C19-4B2BD7688C40} = {CDC703F2-C01A-4104-915C-703AAB8D1DEF}
		{DBEC4627-2062-4C75-823A-D022C875DEA1} = {CDC703F2-C01A-4104-915C-703AAB8D1DEF}
		{5A98A4E9-C61A-4293-B834-5BF3D55AB779} = {CDC703F2-C01A-4104-915C-703AAB8D1DEF}
		{8FFB9987-FCB2-4CB5-A056-8C24BE23DC1D} = {CDC703F2-C01A-4104-915C-703AAB8D1DEF}
		{206671D8-D5FD-4625-B2B7-D0795AB5E4C8} = {CDC703F2-C01A-4104-915C-703AAB8D1DEF}
		{257AB202-11B4-48B7-92F4-2D1815744A79} = {CDC703F2-C01A-4104-915C-703AAB8D1DEF}
		{96822FBF-2B8D-4F7D-9F65-347BBB0365BE} = {CDC703F2-C01A-4104-915C-703AAB8D1DEF}
		{96E253F9-E2DA-44BB-B501-37AE2C6D2E21} = {CDC703F2-C01A-4104-915C-703AAB8D1DEF}
		{D89CB11A-0713-423A-8C5D-24488C693A65} = {CDC703F2-C01A-4104-915C-703AAB8D1DEF}
		{E75D76CB-A7FC-4498-8BB3-EB9E27FFF5FD} = {CDC703F2-C01A-4104-915C-703AAB8D1DEF}
		{5A469FEC-D35F-46E8-ABD2-5474EB50D20F} = {CDC703F2-C01A-4104-915C-703AAB8D1DEF}
		{D70D81EC-569F-4741-BD24-2B4F4DB60FC3} = {5EF89B37-CE5E-47D9-AEEA-CD173C6F17CD}
	EndGlobalSection
	GlobalSection(ExtensibilityGlobals) = postSolution
		SolutionGuid = {BA4B3878-24E4-4FD6-BC07-25E18A8478B5}
	EndGlobalSection
EndGlobal
